
Microsoft Visual Studio Solution File, Format Version 12.00
# Visual Studio Version 17
VisualStudioVersion = 17.5.33414.496
MinimumVisualStudioVersion = 10.0.40219.1
Project("{9A19103F-16F7-4668-BE54-9A1E7A4F7556}") = "Proyecto", "Proyecto.csproj", "{C473230A-CA42-4F88-983C-EA2F9E92F725}"
EndProject
Project("{9A19103F-16F7-4668-BE54-9A1E7A4F7556}") = "Usuario_control", "..\Usuario_control\Usuario_control.csproj", "{180BA00E-21B1-4F90-BDFA-E33B083F2F88}"
EndProject
Global
	GlobalSection(SolutionConfigurationPlatforms) = preSolution
		Debug|Any CPU = Debug|Any CPU
		Release|Any CPU = Release|Any CPU
	EndGlobalSection
	GlobalSection(ProjectConfigurationPlatforms) = postSolution
		{C473230A-CA42-4F88-983C-EA2F9E92F725}.Debug|Any CPU.ActiveCfg = Debug|Any CPU
		{C473230A-CA42-4F88-983C-EA2F9E92F725}.Debug|Any CPU.Build.0 = Debug|Any CPU
		{C473230A-CA42-4F88-983C-EA2F9E92F725}.Release|Any CPU.ActiveCfg = Release|Any CPU
		{C473230A-CA42-4F88-983C-EA2F9E92F725}.Release|Any CPU.Build.0 = Release|Any CPU
		{180BA00E-21B1-4F90-BDFA-E33B083F2F88}.Debug|Any CPU.ActiveCfg = Debug|Any CPU
		{180BA00E-21B1-4F90-BDFA-E33B083F2F88}.Debug|Any CPU.Build.0 = Debug|Any CPU
		{180BA00E-21B1-4F90-BDFA-E33B083F2F88}.Release|Any CPU.ActiveCfg = Release|Any CPU
		{180BA00E-21B1-4F90-BDFA-E33B083F2F88}.Release|Any CPU.Build.0 = Release|Any CPU
	EndGlobalSection
	GlobalSection(SolutionProperties) = preSolution
		HideSolutionNode = FALSE
	EndGlobalSection
	GlobalSection(ExtensibilityGlobals) = postSolution
		SolutionGuid = {B7325BE0-F2D1-4A98-9FD3-FF5E47AB8EFA}
	EndGlobalSection
EndGlobal
